{"1.2.0",
[{<<"cowboy">>,
  {git,"https://github.com/extend/cowboy",
       {ref,"022013b6c4e967957c7e0e7e7cdefa107fc48741"}},
  0},
 {<<"cowlib">>,
  {git,"https://github.com/ninenines/cowlib",
       {ref,"1c3d5defba28e92a88ce45c440d57e178ab1c514"}},
  1},
 {<<"eredis">>,
  {git,"https://github.com/wooga/eredis.git",
       {ref,"6845ed50e13f456ecd115bcf9de666a58a1529dc"}},
  0},
 {<<"jiffy">>,
  {git,"https://github.com/davisp/jiffy",
       {ref,"50daa80a62a97ffb6dd46ea9cb8ccb4930cbf1ae"}},
  0},
 {<<"jsx">>,{pkg,<<"jsx">>,<<"3.0.0">>},0},
 {<<"ranch">>,
  {git,"https://github.com/ninenines/ranch",
       {ref,"a692f44567034dacf5efcaa24a24183788594eb7"}},
  1}]}.
[
{pkg_hash,[
 {<<"jsx">>, <<"20A170ABD4335FC6DB24D5FAD1E5D677C55DADF83D1B20A8A33B5FE159892A39">>}]},
{pkg_hash_ext,[
 {<<"jsx">>, <<"37BECA0435F5CA8A2F45F76A46211E76418FBEF80C36F0361C249FC75059DC6D">>}]}
].
