{"1.2.0",
[{<<"cowboy">>,
  {git,"https://github.com/extend/cowboy",
       {ref,"022013b6c4e967957c7e0e7e7cdefa107fc48741"}},
  0},
 {<<"cowlib">>,
  {git,"https://github.com/ninenines/cowlib",
       {ref,"1c3d5defba28e92a88ce45c440d57e178ab1c514"}},
  1},
 {<<"eredis">>,
  {git,"https://github.com/wooga/eredis.git",
       {ref,"6845ed50e13f456ecd115bcf9de666a58a1529dc"}},
  0},
 {<<"etest">>,
  {git,"https://github.com/wooga/etest.git",
       {ref,"c44a1a1d47e512a0b4a6cb2741bed4b48682a5c7"}},
  0},
 {<<"etest_http">>,
  {git,"https://github.com/wooga/etest_http",
       {ref,"9bb0647b499eb1955f8e43a299c17ab9869572c3"}},
  0},
 {<<"jiffy">>,{pkg,<<"jiffy">>,<<"1.1.2">>},1},
 {<<"jsx">>,{pkg,<<"jsx">>,<<"3.1.0">>},0},
 {<<"meck">>,
  {git,"https://github.com/eproxus/meck.git",
       {ref,"5aaa24886db404f995c9a91b421367f6bfe6e566"}},
  0},
 {<<"ranch">>,
  {git,"https://github.com/ninenines/ranch",
       {ref,"a692f44567034dacf5efcaa24a24183788594eb7"}},
  1},
 {<<"uuid">>,
  {git,"https://github.com/avtobiff/erlang-uuid.git",
       {ref,"cb02a2039a9b29dd2eef0446039c9c6e164df9ef"}},
  0}]}.
[
{pkg_hash,[
 {<<"jiffy">>, <<"A9B6C9A7EC268E7CF493D028F0A4C9144F59CCB878B1AFE42841597800840A1B">>},
 {<<"jsx">>, <<"D12516BAA0BB23A59BB35DCCAF02A1BD08243FCBB9EFE24F2D9D056CCFF71268">>}]},
{pkg_hash_ext,[
 {<<"jiffy">>, <<"BB61BC42A720BBD33CB09A410E48BB79A61012C74CB8B3E75F26D988485CF381">>},
 {<<"jsx">>, <<"0C5CC8FDC11B53CC25CF65AC6705AD39E54ECC56D1C22E4ADB8F5A53FB9427F3">>}]}
].
